// !$*UTF8*$!
{
	archiveVersion = 1;
	classes = {
	};
	objectVersion = 50;
	objects = {

/* Begin PBXBuildFile section */
		F326F6112605F12C0093070F /* AppDelegate.swift in Sources */ = {isa = PBXBuildFile; fileRef = F326F6102605F12C0093070F /* AppDelegate.swift */; };
		F326F6132605F12C0093070F /* SceneDelegate.swift in Sources */ = {isa = PBXBuildFile; fileRef = F326F6122605F12C0093070F /* SceneDelegate.swift */; };
		F326F6152605F12C0093070F /* ContentView.swift in Sources */ = {isa = PBXBuildFile; fileRef = F326F6142605F12C0093070F /* ContentView.swift */; };
		F326F6172605F12E0093070F /* Assets.xcassets in Resources */ = {isa = PBXBuildFile; fileRef = F326F6162605F12E0093070F /* Assets.xcassets */; };
		F326F61A2605F12E0093070F /* Preview Assets.xcassets in Resources */ = {isa = PBXBuildFile; fileRef = F326F6192605F12E0093070F /* Preview Assets.xcassets */; };
		F326F61D2605F12E0093070F /* LaunchScreen.storyboard in Resources */ = {isa = PBXBuildFile; fileRef = F326F61B2605F12E0093070F /* LaunchScreen.storyboard */; };
		F326F6282605F12E0093070F /* SwiftUI_demoTests.swift in Sources */ = {isa = PBXBuildFile; fileRef = F326F6272605F12E0093070F /* SwiftUI_demoTests.swift */; };
		F326F6332605F12E0093070F /* SwiftUI_demoUITests.swift in Sources */ = {isa = PBXBuildFile; fileRef = F326F6322605F12E0093070F /* SwiftUI_demoUITests.swift */; };
/* End PBXBuildFile section */

/* Begin PBXContainerItemProxy section */
		F326F6242605F12E0093070F /* PBXContainerItemProxy */ = {
			isa = PBXContainerItemProxy;
			containerPortal = F326F6052605F12C0093070F /* Project object */;
			proxyType = 1;
			remoteGlobalIDString = F326F60C2605F12C0093070F;
			remoteInfo = SwiftUI_demo;
		};
		F326F62F2605F12E0093070F /* PBXContainerItemProxy */ = {
			isa = PBXContainerItemProxy;
			containerPortal = F326F6052605F12C0093070F /* Project object */;
			proxyType = 1;
			remoteGlobalIDString = F326F60C2605F12C0093070F;
			remoteInfo = SwiftUI_demo;
		};
/* End PBXContainerItemProxy section */

/* Begin PBXFileReference section */
		F326F60D2605F12C0093070F /* SwiftUI_demo.app */ = {isa = PBXFileReference; explicitFileType = wrapper.application; includeInIndex = 0; path = SwiftUI_demo.app; sourceTree = BUILT_PRODUCTS_DIR; };
		F326F6102605F12C0093070F /* AppDelegate.swift */ = {isa = PBXFileReference; lastKnownFileType = sourcecode.swift; path = AppDelegate.swift; sourceTree = "<group>"; };
		F326F6122605F12C0093070F /* SceneDelegate.swift */ = {isa = PBXFileReference; lastKnownFileType = sourcecode.swift; path = SceneDelegate.swift; sourceTree = "<group>"; };
		F326F6142605F12C0093070F /* ContentView.swift */ = {isa = PBXFileReference; lastKnownFileType = sourcecode.swift; path = ContentView.swift; sourceTree = "<group>"; };
		F326F6162605F12E0093070F /* Assets.xcassets */ = {isa = PBXFileReference; lastKnownFileType = folder.assetcatalog; path = Assets.xcassets; sourceTree = "<group>"; };
		F326F6192605F12E0093070F /* Preview Assets.xcassets */ = {isa = PBXFileReference; lastKnownFileType = folder.assetcatalog; path = "Preview Assets.xcassets"; sourceTree = "<group>"; };
		F326F61C2605F12E0093070F /* Base */ = {isa = PBXFileReference; lastKnownFileType = file.storyboard; name = Base; path = Base.lproj/LaunchScreen.storyboard; sourceTree = "<group>"; };
		F326F61E2605F12E0093070F /* Info.plist */ = {isa = PBXFileReference; lastKnownFileType = text.plist.xml; path = Info.plist; sourceTree = "<group>"; };
		F326F6232605F12E0093070F /* SwiftUI_demoTests.xctest */ = {isa = PBXFileReference; explicitFileType = wrapper.cfbundle; includeInIndex = 0; path = SwiftUI_demoTests.xctest; sourceTree = BUILT_PRODUCTS_DIR; };
		F326F6272605F12E0093070F /* SwiftUI_demoTests.swift */ = {isa = PBXFileReference; lastKnownFileType = sourcecode.swift; path = SwiftUI_demoTests.swift; sourceTree = "<group>"; };
		F326F6292605F12E0093070F /* Info.plist */ = {isa = PBXFileReference; lastKnownFileType = text.plist.xml; path = Info.plist; sourceTree = "<group>"; };
		F326F62E2605F12E0093070F /* SwiftUI_demoUITests.xctest */ = {isa = PBXFileReference; explicitFileType = wrapper.cfbundle; includeInIndex = 0; path = SwiftUI_demoUITests.xctest; sourceTree = BUILT_PRODUCTS_DIR; };
		F326F6322605F12E0093070F /* SwiftUI_demoUITests.swift */ = {isa = PBXFileReference; lastKnownFileType = sourcecode.swift; path = SwiftUI_demoUITests.swift; sourceTree = "<group>"; };
		F326F6342605F12E0093070F /* Info.plist */ = {isa = PBXFileReference; lastKnownFileType = text.plist.xml; path = Info.plist; sourceTree = "<group>"; };
/* End PBXFileReference section */

/* Begin PBXFrameworksBuildPhase section */
		F326F60A2605F12C0093070F /* Frameworks */ = {
			isa = PBXFrameworksBuildPhase;
			buildActionMask = 2147483647;
			files = (
			);
			runOnlyForDeploymentPostprocessing = 0;
		};
		F326F6202605F12E0093070F /* Frameworks */ = {
			isa = PBXFrameworksBuildPhase;
			buildActionMask = 2147483647;
			files = (
			);
			runOnlyForDeploymentPostprocessing = 0;
		};
		F326F62B2605F12E0093070F /* Frameworks */ = {
			isa = PBXFrameworksBuildPhase;
			buildActionMask = 2147483647;
			files = (
			);
			runOnlyForDeploymentPostprocessing = 0;
		};
/* End PBXFrameworksBuildPhase section */

/* Begin PBXGroup section */
		F326F6042605F12C0093070F = {
			isa = PBXGroup;
			children = (
				F326F60F2605F12C0093070F /* SwiftUI_demo */,
				F326F6262605F12E0093070F /* SwiftUI_demoTests */,
				F326F6312605F12E0093070F /* SwiftUI_demoUITests */,
				F326F60E2605F12C0093070F /* Products */,
			);
			sourceTree = "<group>";
		};
		F326F60E2605F12C0093070F /* Products */ = {
			isa = PBXGroup;
			children = (
				F326F60D2605F12C0093070F /* SwiftUI_demo.app */,
				F326F6232605F12E0093070F /* SwiftUI_demoTests.xctest */,
				F326F62E2605F12E0093070F /* SwiftUI_demoUITests.xctest */,
			);
			name = Products;
			sourceTree = "<group>";
		};
		F326F60F2605F12C0093070F /* SwiftUI_demo */ = {
			isa = PBXGroup;
			children = (
				F326F6102605F12C0093070F /* AppDelegate.swift */,
				F326F6122605F12C0093070F /* SceneDelegate.swift */,
				F326F6142605F12C0093070F /* ContentView.swift */,
				F326F6162605F12E0093070F /* Assets.xcassets */,
				F326F61B2605F12E0093070F /* LaunchScreen.storyboard */,
				F326F61E2605F12E0093070F /* Info.plist */,
				F326F6182605F12E0093070F /* Preview Content */,
			);
			path = SwiftUI_demo;
			sourceTree = "<group>";
		};
		F326F6182605F12E0093070F /* Preview Content */ = {
			isa = PBXGroup;
			children = (
				F326F6192605F12E0093070F /* Preview Assets.xcassets */,
			);
			path = "Preview Content";
			sourceTree = "<group>";
		};
		F326F6262605F12E0093070F /* SwiftUI_demoTests */ = {
			isa = PBXGroup;
			children = (
				F326F6272605F12E0093070F /* SwiftUI_demoTests.swift */,
				F326F6292605F12E0093070F /* Info.plist */,
			);
			path = SwiftUI_demoTests;
			sourceTree = "<group>";
		};
		F326F6312605F12E0093070F /* SwiftUI_demoUITests */ = {
			isa = PBXGroup;
			children = (
				F326F6322605F12E0093070F /* SwiftUI_demoUITests.swift */,
				F326F6342605F12E0093070F /* Info.plist */,
			);
			path = SwiftUI_demoUITests;
			sourceTree = "<group>";
		};
/* End PBXGroup section */

/* Begin PBXNativeTarget section */
		F326F60C2605F12C0093070F /* SwiftUI_demo */ = {
			isa = PBXNativeTarget;
			buildConfigurationList = F326F6372605F12E0093070F /* Build configuration list for PBXNativeTarget "SwiftUI_demo" */;
			buildPhases = (
				F326F6092605F12C0093070F /* Sources */,
				F326F60A2605F12C0093070F /* Frameworks */,
				F326F60B2605F12C0093070F /* Resources */,
			);
			buildRules = (
			);
			dependencies = (
			);
			name = SwiftUI_demo;
			productName = SwiftUI_demo;
			productReference = F326F60D2605F12C0093070F /* SwiftUI_demo.app */;
			productType = "com.apple.product-type.application";
		};
		F326F6222605F12E0093070F /* SwiftUI_demoTests */ = {
			isa = PBXNativeTarget;
			buildConfigurationList = F326F63A2605F12E0093070F /* Build configuration list for PBXNativeTarget "SwiftUI_demoTests" */;
			buildPhases = (
				F326F61F2605F12E0093070F /* Sources */,
				F326F6202605F12E0093070F /* Frameworks */,
				F326F6212605F12E0093070F /* Resources */,
			);
			buildRules = (
			);
			dependencies = (
				F326F6252605F12E0093070F /* PBXTargetDependency */,
			);
			name = SwiftUI_demoTests;
			productName = SwiftUI_demoTests;
			productReference = F326F6232605F12E0093070F /* SwiftUI_demoTests.xctest */;
			productType = "com.apple.product-type.bundle.unit-test";
		};
		F326F62D2605F12E0093070F /* SwiftUI_demoUITests */ = {
			isa = PBXNativeTarget;
			buildConfigurationList = F326F63D2605F12E0093070F /* Build configuration list for PBXNativeTarget "SwiftUI_demoUITests" */;
			buildPhases = (
				F326F62A2605F12E0093070F /* Sources */,
				F326F62B2605F12E0093070F /* Frameworks */,
				F326F62C2605F12E0093070F /* Resources */,
			);
			buildRules = (
			);
			dependencies = (
				F326F6302605F12E0093070F /* PBXTargetDependency */,
			);
			name = SwiftUI_demoUITests;
			productName = SwiftUI_demoUITests;
			productReference = F326F62E2605F12E0093070F /* SwiftUI_demoUITests.xctest */;
			productType = "com.apple.product-type.bundle.ui-testing";
		};
/* End PBXNativeTarget section */

/* Begin PBXProject section */
		F326F6052605F12C0093070F /* Project object */ = {
			isa = PBXProject;
			attributes = {
				LastSwiftUpdateCheck = 1230;
				LastUpgradeCheck = 1230;
				TargetAttributes = {
					F326F60C2605F12C0093070F = {
						CreatedOnToolsVersion = 12.3;
					};
					F326F6222605F12E0093070F = {
						CreatedOnToolsVersion = 12.3;
						TestTargetID = F326F60C2605F12C0093070F;
					};
					F326F62D2605F12E0093070F = {
						CreatedOnToolsVersion = 12.3;
						TestTargetID = F326F60C2605F12C0093070F;
					};
				};
			};
			buildConfigurationList = F326F6082605F12C0093070F /* Build configuration list for PBXProject "SwiftUI_demo" */;
			compatibilityVersion = "Xcode 9.3";
			developmentRegion = en;
			hasScannedForEncodings = 0;
			knownRegions = (
				en,
				Base,
			);
			mainGroup = F326F6042605F12C0093070F;
			productRefGroup = F326F60E2605F12C0093070F /* Products */;
			projectDirPath = "";
			projectRoot = "";
			targets = (
				F326F60C2605F12C0093070F /* SwiftUI_demo */,
				F326F6222605F12E0093070F /* SwiftUI_demoTests */,
				F326F62D2605F12E0093070F /* SwiftUI_demoUITests */,
			);
		};
/* End PBXProject section */

/* Begin PBXResourcesBuildPhase section */
		F326F60B2605F12C0093070F /* Resources */ = {
			isa = PBXResourcesBuildPhase;
			buildActionMask = 2147483647;
			files = (
				F326F61D2605F12E0093070F /* LaunchScreen.storyboard in Resources */,
				F326F61A2605F12E0093070F /* Preview Assets.xcassets in Resources */,
				F326F6172605F12E0093070F /* Assets.xcassets in Resources */,
			);
			runOnlyForDeploymentPostprocessing = 0;
		};
		F326F6212605F12E0093070F /* Resources */ = {
			isa = PBXResourcesBuildPhase;
			buildActionMask = 2147483647;
			files = (
			);
			runOnlyForDeploymentPostprocessing = 0;
		};
		F326F62C2605F12E0093070F /* Resources */ = {
			isa = PBXResourcesBuildPhase;
			buildActionMask = 2147483647;
			files = (
			);
			runOnlyForDeploymentPostprocessing = 0;
		};
/* End PBXResourcesBuildPhase section */

/* Begin PBXSourcesBuildPhase section */
		F326F6092605F12C0093070F /* Sources */ = {
			isa = PBXSourcesBuildPhase;
			buildActionMask = 2147483647;
			files = (
				F326F6112605F12C0093070F /* AppDelegate.swift in Sources */,
				F326F6132605F12C0093070F /* SceneDelegate.swift in Sources */,
				F326F6152605F12C0093070F /* ContentView.swift in Sources */,
			);
			runOnlyForDeploymentPostprocessing = 0;
		};
		F326F61F2605F12E0093070F /* Sources */ = {
			isa = PBXSourcesBuildPhase;
			buildActionMask = 2147483647;
			files = (
				F326F6282605F12E0093070F /* SwiftUI_demoTests.swift in Sources */,
			);
			runOnlyForDeploymentPostprocessing = 0;
		};
		F326F62A2605F12E0093070F /* Sources */ = {
			isa = PBXSourcesBuildPhase;
			buildActionMask = 2147483647;
			files = (
				F326F6332605F12E0093070F /* SwiftUI_demoUITests.swift in Sources */,
			);
			runOnlyForDeploymentPostprocessing = 0;
		};
/* End PBXSourcesBuildPhase section */

/* Begin PBXTargetDependency section */
		F326F6252605F12E0093070F /* PBXTargetDependency */ = {
			isa = PBXTargetDependency;
			target = F326F60C2605F12C0093070F /* SwiftUI_demo */;
			targetProxy = F326F6242605F12E0093070F /* PBXContainerItemProxy */;
		};
		F326F6302605F12E0093070F /* PBXTargetDependency */ = {
			isa = PBXTargetDependency;
			target = F326F60C2605F12C0093070F /* SwiftUI_demo */;
			targetProxy = F326F62F2605F12E0093070F /* PBXContainerItemProxy */;
		};
/* End PBXTargetDependency section */

/* Begin PBXVariantGroup section */
		F326F61B2605F12E0093070F /* LaunchScreen.storyboard */ = {
			isa = PBXVariantGroup;
			children = (
				F326F61C2605F12E0093070F /* Base */,
			);
			name = LaunchScreen.storyboard;
			sourceTree = "<group>";
		};
/* End PBXVariantGroup section */

/* Begin XCBuildConfiguration section */
		F326F6352605F12E0093070F /* Debug */ = {
			isa = XCBuildConfiguration;
			buildSettings = {
				ALWAYS_SEARCH_USER_PATHS = NO;
				CLANG_ANALYZER_NONNULL = YES;
				CLANG_ANALYZER_NUMBER_OBJECT_CONVERSION = YES_AGGRESSIVE;
				CLANG_CXX_LANGUAGE_STANDARD = "gnu++14";
				CLANG_CXX_LIBRARY = "libc++";
				CLANG_ENABLE_MODULES = YES;
				CLANG_ENABLE_OBJC_ARC = YES;
				CLANG_ENABLE_OBJC_WEAK = YES;
				CLANG_WARN_BLOCK_CAPTURE_AUTORELEASING = YES;
				CLANG_WARN_BOOL_CONVERSION = YES;
				CLANG_WARN_COMMA = YES;
				CLANG_WARN_CONSTANT_CONVERSION = YES;
				CLANG_WARN_DEPRECATED_OBJC_IMPLEMENTATIONS = YES;
				CLANG_WARN_DIRECT_OBJC_ISA_USAGE = YES_ERROR;
				CLANG_WARN_DOCUMENTATION_COMMENTS = YES;
				CLANG_WARN_EMPTY_BODY = YES;
				CLANG_WARN_ENUM_CONVERSION = YES;
				CLANG_WARN_INFINITE_RECURSION = YES;
				CLANG_WARN_INT_CONVERSION = YES;
				CLANG_WARN_NON_LITERAL_NULL_CONVERSION = YES;
				CLANG_WARN_OBJC_IMPLICIT_RETAIN_SELF = YES;
				CLANG_WARN_OBJC_LITERAL_CONVERSION = YES;
				CLANG_WARN_OBJC_ROOT_CLASS = YES_ERROR;
				CLANG_WARN_QUOTED_INCLUDE_IN_FRAMEWORK_HEADER = YES;
				CLANG_WARN_RANGE_LOOP_ANALYSIS = YES;
				CLANG_WARN_STRICT_PROTOTYPES = YES;
				CLANG_WARN_SUSPICIOUS_MOVE = YES;
				CLANG_WARN_UNGUARDED_AVAILABILITY = YES_AGGRESSIVE;
				CLANG_WARN_UNREACHABLE_CODE = YES;
				CLANG_WARN__DUPLICATE_METHOD_MATCH = YES;
				COPY_PHASE_STRIP = NO;
				DEBUG_INFORMATION_FORMAT = dwarf;
				ENABLE_STRICT_OBJC_MSGSEND = YES;
				ENABLE_TESTABILITY = YES;
				GCC_C_LANGUAGE_STANDARD = gnu11;
				GCC_DYNAMIC_NO_PIC = NO;
				GCC_NO_COMMON_BLOCKS = YES;
				GCC_OPTIMIZATION_LEVEL = 0;
				GCC_PREPROCESSOR_DEFINITIONS = (
					"DEBUG=1",
					"$(inherited)",
				);
				GCC_WARN_64_TO_32_BIT_CONVERSION = YES;
				GCC_WARN_ABOUT_RETURN_TYPE = YES_ERROR;
				GCC_WARN_UNDECLARED_SELECTOR = YES;
				GCC_WARN_UNINITIALIZED_AUTOS = YES_AGGRESSIVE;
				GCC_WARN_UNUSED_FUNCTION = YES;
				GCC_WARN_UNUSED_VARIABLE = YES;
				IPHONEOS_DEPLOYMENT_TARGET = 14.3;
				MTL_ENABLE_DEBUG_INFO = INCLUDE_SOURCE;
				MTL_FAST_MATH = YES;
				ONLY_ACTIVE_ARCH = YES;
				SDKROOT = iphoneos;
				SWIFT_ACTIVE_COMPILATION_CONDITIONS = DEBUG;
				SWIFT_OPTIMIZATION_LEVEL = "-Onone";
			};
			name = Debug;
		};
		F326F6362605F12E0093070F /* Release */ = {
			isa = XCBuildConfiguration;
			buildSettings = {
				ALWAYS_SEARCH_USER_PATHS = NO;
				CLANG_ANALYZER_NONNULL = YES;
				CLANG_ANALYZER_NUMBER_OBJECT_CONVERSION = YES_AGGRESSIVE;
				CLANG_CXX_LANGUAGE_STANDARD = "gnu++14";
				CLANG_CXX_LIBRARY = "libc++";
				CLANG_ENABLE_MODULES = YES;
				CLANG_ENABLE_OBJC_ARC = YES;
				CLANG_ENABLE_OBJC_WEAK = YES;
				CLANG_WARN_BLOCK_CAPTURE_AUTORELEASING = YES;
				CLANG_WARN_BOOL_CONVERSION = YES;
				CLANG_WARN_COMMA = YES;
				CLANG_WARN_CONSTANT_CONVERSION = YES;
				CLANG_WARN_DEPRECATED_OBJC_IMPLEMENTATIONS = YES;
				CLANG_WARN_DIRECT_OBJC_ISA_USAGE = YES_ERROR;
				CLANG_WARN_DOCUMENTATION_COMMENTS = YES;
				CLANG_WARN_EMPTY_BODY = YES;
				CLANG_WARN_ENUM_CONVERSION = YES;
				CLANG_WARN_INFINITE_RECURSION = YES;
				CLANG_WARN_INT_CONVERSION = YES;
				CLANG_WARN_NON_LITERAL_NULL_CONVERSION = YES;
				CLANG_WARN_OBJC_IMPLICIT_RETAIN_SELF = YES;
				CLANG_WARN_OBJC_LITERAL_CONVERSION = YES;
				CLANG_WARN_OBJC_ROOT_CLASS = YES_ERROR;
				CLANG_WARN_QUOTED_INCLUDE_IN_FRAMEWORK_HEADER = YES;
				CLANG_WARN_RANGE_LOOP_ANALYSIS = YES;
				CLANG_WARN_STRICT_PROTOTYPES = YES;
				CLANG_WARN_SUSPICIOUS_MOVE = YES;
				CLANG_WARN_UNGUARDED_AVAILABILITY = YES_AGGRESSIVE;
				CLANG_WARN_UNREACHABLE_CODE = YES;
				CLANG_WARN__DUPLICATE_METHOD_MATCH = YES;
				COPY_PHASE_STRIP = NO;
				DEBUG_INFORMATION_FORMAT = "dwarf-with-dsym";
				ENABLE_NS_ASSERTIONS = NO;
				ENABLE_STRICT_OBJC_MSGSEND = YES;
				GCC_C_LANGUAGE_STANDARD = gnu11;
				GCC_NO_COMMON_BLOCKS = YES;
				GCC_WARN_64_TO_32_BIT_CONVERSION = YES;
				GCC_WARN_ABOUT_RETURN_TYPE = YES_ERROR;
				GCC_WARN_UNDECLARED_SELECTOR = YES;
				GCC_WARN_UNINITIALIZED_AUTOS = YES_AGGRESSIVE;
				GCC_WARN_UNUSED_FUNCTION = YES;
				GCC_WARN_UNUSED_VARIABLE = YES;
				IPHONEOS_DEPLOYMENT_TARGET = 14.3;
				MTL_ENABLE_DEBUG_INFO = NO;
				MTL_FAST_MATH = YES;
				SDKROOT = iphoneos;
				SWIFT_COMPILATION_MODE = wholemodule;
				SWIFT_OPTIMIZATION_LEVEL = "-O";
				VALIDATE_PRODUCT = YES;
			};
			name = Release;
		};
		F326F6382605F12E0093070F /* Debug */ = {
			isa = XCBuildConfiguration;
			buildSettings = {
				ASSETCATALOG_COMPILER_APPICON_NAME = AppIcon;
				ASSETCATALOG_COMPILER_GLOBAL_ACCENT_COLOR_NAME = AccentColor;
				CODE_SIGN_STYLE = Automatic;
				DEVELOPMENT_ASSET_PATHS = "\"SwiftUI_demo/Preview Content\"";
				ENABLE_PREVIEWS = YES;
				INFOPLIST_FILE = SwiftUI_demo/Info.plist;
				LD_RUNPATH_SEARCH_PATHS = (
					"$(inherited)",
					"@executable_path/Frameworks",
				);
				PRODUCT_BUNDLE_IDENTIFIER = "com.ha-koichi.SwiftUI-demo";
				PRODUCT_NAME = "$(TARGET_NAME)";
				SWIFT_VERSION = 5.0;
				TARGETED_DEVICE_FAMILY = "1,2";
			};
			name = Debug;
		};
		F326F6392605F12E0093070F /* Release */ = {
			isa = XCBuildConfiguration;
			buildSettings = {
				ASSETCATALOG_COMPILER_APPICON_NAME = AppIcon;
				ASSETCATALOG_COMPILER_GLOBAL_ACCENT_COLOR_NAME = AccentColor;
				CODE_SIGN_STYLE = Automatic;
				DEVELOPMENT_ASSET_PATHS = "\"SwiftUI_demo/Preview Content\"";
				ENABLE_PREVIEWS = YES;
				INFOPLIST_FILE = SwiftUI_demo/Info.plist;
				LD_RUNPATH_SEARCH_PATHS = (
					"$(inherited)",
					"@executable_path/Frameworks",
				);
				PRODUCT_BUNDLE_IDENTIFIER = "com.ha-koichi.SwiftUI-demo";
				PRODUCT_NAME = "$(TARGET_NAME)";
				SWIFT_VERSION = 5.0;
				TARGETED_DEVICE_FAMILY = "1,2";
			};
			name = Release;
		};
		F326F63B2605F12E0093070F /* Debug */ = {
			isa = XCBuildConfiguration;
			buildSettings = {
				ALWAYS_EMBED_SWIFT_STANDARD_LIBRARIES = YES;
				BUNDLE_LOADER = "$(TEST_HOST)";
				CODE_SIGN_STYLE = Automatic;
				INFOPLIST_FILE = SwiftUI_demoTests/Info.plist;
				IPHONEOS_DEPLOYMENT_TARGET = 14.3;
				LD_RUNPATH_SEARCH_PATHS = (
					"$(inherited)",
					"@executable_path/Frameworks",
					"@loader_path/Frameworks",
				);
				PRODUCT_BUNDLE_IDENTIFIER = "com.ha-koichi.SwiftUI-demoTests";
				PRODUCT_NAME = "$(TARGET_NAME)";
				SWIFT_VERSION = 5.0;
				TARGETED_DEVICE_FAMILY = "1,2";
				TEST_HOST = "$(BUILT_PRODUCTS_DIR)/SwiftUI_demo.app/SwiftUI_demo";
			};
			name = Debug;
		};
		F326F63C2605F12E0093070F /* Release */ = {
			isa = XCBuildConfiguration;
			buildSettings = {
				ALWAYS_EMBED_SWIFT_STANDARD_LIBRARIES = YES;
				BUNDLE_LOADER = "$(TEST_HOST)";
				CODE_SIGN_STYLE = Automatic;
				INFOPLIST_FILE = SwiftUI_demoTests/Info.plist;
				IPHONEOS_DEPLOYMENT_TARGET = 14.3;
				LD_RUNPATH_SEARCH_PATHS = (
					"$(inherited)",
					"@executable_path/Frameworks",
					"@loader_path/Frameworks",
				);
				PRODUCT_BUNDLE_IDENTIFIER = "com.ha-koichi.SwiftUI-demoTests";
				PRODUCT_NAME = "$(TARGET_NAME)";
				SWIFT_VERSION = 5.0;
				TARGETED_DEVICE_FAMILY = "1,2";
				TEST_HOST = "$(BUILT_PRODUCTS_DIR)/SwiftUI_demo.app/SwiftUI_demo";
			};
			name = Release;
		};
		F326F63E2605F12E0093070F /* Debug */ = {
			isa = XCBuildConfiguration;
			buildSettings = {
				ALWAYS_EMBED_SWIFT_STANDARD_LIBRARIES = YES;
				CODE_SIGN_STYLE = Automatic;
				INFOPLIST_FILE = SwiftUI_demoUITests/Info.plist;
				LD_RUNPATH_SEARCH_PATHS = (
					"$(inherited)",
					"@executable_path/Frameworks",
					"@loader_path/Frameworks",
				);
				PRODUCT_BUNDLE_IDENTIFIER = "com.ha-koichi.SwiftUI-demoUITests";
				PRODUCT_NAME = "$(TARGET_NAME)";
				SWIFT_VERSION = 5.0;
				TARGETED_DEVICE_FAMILY = "1,2";
				TEST_TARGET_NAME = SwiftUI_demo;
			};
			name = Debug;
		};
		F326F63F2605F12E0093070F /* Release */ = {
			isa = XCBuildConfiguration;
			buildSettings = {
				ALWAYS_EMBED_SWIFT_STANDARD_LIBRARIES = YES;
				CODE_SIGN_STYLE = Automatic;
				INFOPLIST_FILE = SwiftUI_demoUITests/Info.plist;
				LD_RUNPATH_SEARCH_PATHS = (
					"$(inherited)",
					"@executable_path/Frameworks",
					"@loader_path/Frameworks",
				);
				PRODUCT_BUNDLE_IDENTIFIER = "com.ha-koichi.SwiftUI-demoUITests";
				PRODUCT_NAME = "$(TARGET_NAME)";
				SWIFT_VERSION = 5.0;
				TARGETED_DEVICE_FAMILY = "1,2";
				TEST_TARGET_NAME = SwiftUI_demo;
			};
			name = Release;
		};
/* End XCBuildConfiguration section */

/* Begin XCConfigurationList section */
		F326F6082605F12C0093070F /* Build configuration list for PBXProject "SwiftUI_demo" */ = {
			isa = XCConfigurationList;
			buildConfigurations = (
				F326F6352605F12E0093070F /* Debug */,
				F326F6362605F12E0093070F /* Release */,
			);
			defaultConfigurationIsVisible = 0;
			defaultConfigurationName = Release;
		};
		F326F6372605F12E0093070F /* Build configuration list for PBXNativeTarget "SwiftUI_demo" */ = {
			isa = XCConfigurationList;
			buildConfigurations = (
				F326F6382605F12E0093070F /* Debug */,
				F326F6392605F12E0093070F /* Release */,
			);
			defaultConfigurationIsVisible = 0;
			defaultConfigurationName = Release;
		};
		F326F63A2605F12E0093070F /* Build configuration list for PBXNativeTarget "SwiftUI_demoTests" */ = {
			isa = XCConfigurationList;
			buildConfigurations = (
				F326F63B2605F12E0093070F /* Debug */,
				F326F63C2605F12E0093070F /* Release */,
			);
			defaultConfigurationIsVisible = 0;
			defaultConfigurationName = Release;
		};
		F326F63D2605F12E0093070F /* Build configuration list for PBXNativeTarget "SwiftUI_demoUITests" */ = {
			isa = XCConfigurationList;
			buildConfigurations = (
				F326F63E2605F12E0093070F /* Debug */,
				F326F63F2605F12E0093070F /* Release */,
			);
			defaultConfigurationIsVisible = 0;
			defaultConfigurationName = Release;
		};
/* End XCConfigurationList section */
	};
	rootObject = F326F6052605F12C0093070F /* Project object */;
}
